// !$*UTF8*$!
{
	archiveVersion = 1;
	classes = {
	};
	objectVersion = 50;
	objects = {

/* Begin PBXBuildFile section */
		D417414E2636D0A400229C8D /* AppDelegate.swift in Sources */ = {isa = PBXBuildFile; fileRef = D417414D2636D0A400229C8D /* AppDelegate.swift */; };
		D41741502636D0A400229C8D /* SceneDelegate.swift in Sources */ = {isa = PBXBuildFile; fileRef = D417414F2636D0A400229C8D /* SceneDelegate.swift */; };
		D41741522636D0A400229C8D /* ViewController.swift in Sources */ = {isa = PBXBuildFile; fileRef = D41741512636D0A400229C8D /* ViewController.swift */; };
		D41741552636D0A400229C8D /* Main.storyboard in Resources */ = {isa = PBXBuildFile; fileRef = D41741532636D0A400229C8D /* Main.storyboard */; };
		D41741582636D0A400229C8D /* InstagramLogin.xcdatamodeld in Sources */ = {isa = PBXBuildFile; fileRef = D41741562636D0A400229C8D /* InstagramLogin.xcdatamodeld */; };
		D417415A2636D0A700229C8D /* Assets.xcassets in Resources */ = {isa = PBXBuildFile; fileRef = D41741592636D0A700229C8D /* Assets.xcassets */; };
		D417415D2636D0A700229C8D /* LaunchScreen.storyboard in Resources */ = {isa = PBXBuildFile; fileRef = D417415B2636D0A700229C8D /* LaunchScreen.storyboard */; };
/* End PBXBuildFile section */

/* Begin PBXFileReference section */
		D417414A2636D0A400229C8D /* InstagramLogin.app */ = {isa = PBXFileReference; explicitFileType = wrapper.application; includeInIndex = 0; path = InstagramLogin.app; sourceTree = BUILT_PRODUCTS_DIR; };
		D417414D2636D0A400229C8D /* AppDelegate.swift */ = {isa = PBXFileReference; lastKnownFileType = sourcecode.swift; path = AppDelegate.swift; sourceTree = "<group>"; };
		D417414F2636D0A400229C8D /* SceneDelegate.swift */ = {isa = PBXFileReference; lastKnownFileType = sourcecode.swift; path = SceneDelegate.swift; sourceTree = "<group>"; };
		D41741512636D0A400229C8D /* ViewController.swift */ = {isa = PBXFileReference; lastKnownFileType = sourcecode.swift; path = ViewController.swift; sourceTree = "<group>"; };
		D41741542636D0A400229C8D /* Base */ = {isa = PBXFileReference; lastKnownFileType = file.storyboard; name = Base; path = Base.lproj/Main.storyboard; sourceTree = "<group>"; };
		D41741572636D0A400229C8D /* InstagramLogin.xcdatamodel */ = {isa = PBXFileReference; lastKnownFileType = wrapper.xcdatamodel; path = InstagramLogin.xcdatamodel; sourceTree = "<group>"; };
		D41741592636D0A700229C8D /* Assets.xcassets */ = {isa = PBXFileReference; lastKnownFileType = folder.assetcatalog; path = Assets.xcassets; sourceTree = "<group>"; };
		D417415C2636D0A700229C8D /* Base */ = {isa = PBXFileReference; lastKnownFileType = file.storyboard; name = Base; path = Base.lproj/LaunchScreen.storyboard; sourceTree = "<group>"; };
		D417415E2636D0A700229C8D /* Info.plist */ = {isa = PBXFileReference; lastKnownFileType = text.plist.xml; path = Info.plist; sourceTree = "<group>"; };
/* End PBXFileReference section */

/* Begin PBXFrameworksBuildPhase section */
		D41741472636D0A400229C8D /* Frameworks */ = {
			isa = PBXFrameworksBuildPhase;
			buildActionMask = 2147483647;
			files = (
			);
			runOnlyForDeploymentPostprocessing = 0;
		};
/* End PBXFrameworksBuildPhase section */

/* Begin PBXGroup section */
		D41741412636D0A400229C8D = {
			isa = PBXGroup;
			children = (
				D417414C2636D0A400229C8D /* InstagramLogin */,
				D417414B2636D0A400229C8D /* Products */,
			);
			sourceTree = "<group>";
		};
		D417414B2636D0A400229C8D /* Products */ = {
			isa = PBXGroup;
			children = (
				D417414A2636D0A400229C8D /* InstagramLogin.app */,
			);
			name = Products;
			sourceTree = "<group>";
		};
		D417414C2636D0A400229C8D /* InstagramLogin */ = {
			isa = PBXGroup;
			children = (
				D417414D2636D0A400229C8D /* AppDelegate.swift */,
				D417414F2636D0A400229C8D /* SceneDelegate.swift */,
				D41741512636D0A400229C8D /* ViewController.swift */,
				D41741532636D0A400229C8D /* Main.storyboard */,
				D41741592636D0A700229C8D /* Assets.xcassets */,
				D417415B2636D0A700229C8D /* LaunchScreen.storyboard */,
				D417415E2636D0A700229C8D /* Info.plist */,
				D41741562636D0A400229C8D /* InstagramLogin.xcdatamodeld */,
			);
			path = InstagramLogin;
			sourceTree = "<group>";
		};
/* End PBXGroup section */

/* Begin PBXNativeTarget section */
		D41741492636D0A400229C8D /* InstagramLogin */ = {
			isa = PBXNativeTarget;
			buildConfigurationList = D41741612636D0A700229C8D /* Build configuration list for PBXNativeTarget "InstagramLogin" */;
			buildPhases = (
				D41741462636D0A400229C8D /* Sources */,
				D41741472636D0A400229C8D /* Frameworks */,
				D41741482636D0A400229C8D /* Resources */,
			);
			buildRules = (
			);
			dependencies = (
			);
			name = InstagramLogin;
			productName = InstagramLogin;
			productReference = D417414A2636D0A400229C8D /* InstagramLogin.app */;
			productType = "com.apple.product-type.application";
		};
/* End PBXNativeTarget section */

/* Begin PBXProject section */
		D41741422636D0A400229C8D /* Project object */ = {
			isa = PBXProject;
			attributes = {
				LastSwiftUpdateCheck = 1240;
				LastUpgradeCheck = 1240;
				TargetAttributes = {
					D41741492636D0A400229C8D = {
						CreatedOnToolsVersion = 12.4;
					};
				};
			};
			buildConfigurationList = D41741452636D0A400229C8D /* Build configuration list for PBXProject "InstagramLogin" */;
			compatibilityVersion = "Xcode 9.3";
			developmentRegion = en;
			hasScannedForEncodings = 0;
			knownRegions = (
				en,
				Base,
			);
			mainGroup = D41741412636D0A400229C8D;
			productRefGroup = D417414B2636D0A400229C8D /* Products */;
			projectDirPath = "";
			projectRoot = "";
			targets = (
				D41741492636D0A400229C8D /* InstagramLogin */,
			);
		};
/* End PBXProject section */

/* Begin PBXResourcesBuildPhase section */
		D41741482636D0A400229C8D /* Resources */ = {
			isa = PBXResourcesBuildPhase;
			buildActionMask = 2147483647;
			files = (
				D417415D2636D0A700229C8D /* LaunchScreen.storyboard in Resources */,
				D417415A2636D0A700229C8D /* Assets.xcassets in Resources */,
				D41741552636D0A400229C8D /* Main.storyboard in Resources */,
			);
			runOnlyForDeploymentPostprocessing = 0;
		};
/* End PBXResourcesBuildPhase section */

/* Begin PBXSourcesBuildPhase section */
		D41741462636D0A400229C8D /* Sources */ = {
			isa = PBXSourcesBuildPhase;
			buildActionMask = 2147483647;
			files = (
				D41741522636D0A400229C8D /* ViewController.swift in Sources */,
				D417414E2636D0A400229C8D /* AppDelegate.swift in Sources */,
				D41741582636D0A400229C8D /* InstagramLogin.xcdatamodeld in Sources */,
				D41741502636D0A400229C8D /* SceneDelegate.swift in Sources */,
			);
			runOnlyForDeploymentPostprocessing = 0;
		};
/* End PBXSourcesBuildPhase section */

/* Begin PBXVariantGroup section */
		D41741532636D0A400229C8D /* Main.storyboard */ = {
			isa = PBXVariantGroup;
			children = (
				D41741542636D0A400229C8D /* Base */,
			);
			name = Main.storyboard;
			sourceTree = "<group>";
		};
		D417415B2636D0A700229C8D /* LaunchScreen.storyboard */ = {
			isa = PBXVariantGroup;
			children = (
				D417415C2636D0A700229C8D /* Base */,
			);
			name = LaunchScreen.storyboard;
			sourceTree = "<group>";
		};
/* End PBXVariantGroup section */

/* Begin XCBuildConfiguration section */
		D417415F2636D0A700229C8D /* Debug */ = {
			isa = XCBuildConfiguration;
			buildSettings = {
				ALWAYS_SEARCH_USER_PATHS = NO;
				CLANG_ANALYZER_NONNULL = YES;
				CLANG_ANALYZER_NUMBER_OBJECT_CONVERSION = YES_AGGRESSIVE;
				CLANG_CXX_LANGUAGE_STANDARD = "gnu++14";
				CLANG_CXX_LIBRARY = "libc++";
				CLANG_ENABLE_MODULES = YES;
				CLANG_ENABLE_OBJC_ARC = YES;
				CLANG_ENABLE_OBJC_WEAK = YES;
				CLANG_WARN_BLOCK_CAPTURE_AUTORELEASING = YES;
				CLANG_WARN_BOOL_CONVERSION = YES;
				CLANG_WARN_COMMA = YES;
				CLANG_WARN_CONSTANT_CONVERSION = YES;
				CLANG_WARN_DEPRECATED_OBJC_IMPLEMENTATIONS = YES;
				CLANG_WARN_DIRECT_OBJC_ISA_USAGE = YES_ERROR;
				CLANG_WARN_DOCUMENTATION_COMMENTS = YES;
				CLANG_WARN_EMPTY_BODY = YES;
				CLANG_WARN_ENUM_CONVERSION = YES;
				CLANG_WARN_INFINITE_RECURSION = YES;
				CLANG_WARN_INT_CONVERSION = YES;
				CLANG_WARN_NON_LITERAL_NULL_CONVERSION = YES;
				CLANG_WARN_OBJC_IMPLICIT_RETAIN_SELF = YES;
				CLANG_WARN_OBJC_LITERAL_CONVERSION = YES;
				CLANG_WARN_OBJC_ROOT_CLASS = YES_ERROR;
				CLANG_WARN_QUOTED_INCLUDE_IN_FRAMEWORK_HEADER = YES;
				CLANG_WARN_RANGE_LOOP_ANALYSIS = YES;
				CLANG_WARN_STRICT_PROTOTYPES = YES;
				CLANG_WARN_SUSPICIOUS_MOVE = YES;
				CLANG_WARN_UNGUARDED_AVAILABILITY = YES_AGGRESSIVE;
				CLANG_WARN_UNREACHABLE_CODE = YES;
				CLANG_WARN__DUPLICATE_METHOD_MATCH = YES;
				COPY_PHASE_STRIP = NO;
				DEBUG_INFORMATION_FORMAT = dwarf;
				ENABLE_STRICT_OBJC_MSGSEND = YES;
				ENABLE_TESTABILITY = YES;
				GCC_C_LANGUAGE_STANDARD = gnu11;
				GCC_DYNAMIC_NO_PIC = NO;
				GCC_NO_COMMON_BLOCKS = YES;
				GCC_OPTIMIZATION_LEVEL = 0;
				GCC_PREPROCESSOR_DEFINITIONS = (
					"DEBUG=1",
					"$(inherited)",
				);
				GCC_WARN_64_TO_32_BIT_CONVERSION = YES;
				GCC_WARN_ABOUT_RETURN_TYPE = YES_ERROR;
				GCC_WARN_UNDECLARED_SELECTOR = YES;
				GCC_WARN_UNINITIALIZED_AUTOS = YES_AGGRESSIVE;
				GCC_WARN_UNUSED_FUNCTION = YES;
				GCC_WARN_UNUSED_VARIABLE = YES;
				IPHONEOS_DEPLOYMENT_TARGET = 14.4;
				MTL_ENABLE_DEBUG_INFO = INCLUDE_SOURCE;
				MTL_FAST_MATH = YES;
				ONLY_ACTIVE_ARCH = YES;
				SDKROOT = iphoneos;
				SWIFT_ACTIVE_COMPILATION_CONDITIONS = DEBUG;
				SWIFT_OPTIMIZATION_LEVEL = "-Onone";
			};
			name = Debug;
		};
		D41741602636D0A700229C8D /* Release */ = {
			isa = XCBuildConfiguration;
			buildSettings = {
				ALWAYS_SEARCH_USER_PATHS = NO;
				CLANG_ANALYZER_NONNULL = YES;
				CLANG_ANALYZER_NUMBER_OBJECT_CONVERSION = YES_AGGRESSIVE;
				CLANG_CXX_LANGUAGE_STANDARD = "gnu++14";
				CLANG_CXX_LIBRARY = "libc++";
				CLANG_ENABLE_MODULES = YES;
				CLANG_ENABLE_OBJC_ARC = YES;
				CLANG_ENABLE_OBJC_WEAK = YES;
				CLANG_WARN_BLOCK_CAPTURE_AUTORELEASING = YES;
				CLANG_WARN_BOOL_CONVERSION = YES;
				CLANG_WARN_COMMA = YES;
				CLANG_WARN_CONSTANT_CONVERSION = YES;
				CLANG_WARN_DEPRECATED_OBJC_IMPLEMENTATIONS = YES;
				CLANG_WARN_DIRECT_OBJC_ISA_USAGE = YES_ERROR;
				CLANG_WARN_DOCUMENTATION_COMMENTS = YES;
				CLANG_WARN_EMPTY_BODY = YES;
				CLANG_WARN_ENUM_CONVERSION = YES;
				CLANG_WARN_INFINITE_RECURSION = YES;
				CLANG_WARN_INT_CONVERSION = YES;
				CLANG_WARN_NON_LITERAL_NULL_CONVERSION = YES;
				CLANG_WARN_OBJC_IMPLICIT_RETAIN_SELF = YES;
				CLANG_WARN_OBJC_LITERAL_CONVERSION = YES;
				CLANG_WARN_OBJC_ROOT_CLASS = YES_ERROR;
				CLANG_WARN_QUOTED_INCLUDE_IN_FRAMEWORK_HEADER = YES;
				CLANG_WARN_RANGE_LOOP_ANALYSIS = YES;
				CLANG_WARN_STRICT_PROTOTYPES = YES;
				CLANG_WARN_SUSPICIOUS_MOVE = YES;
				CLANG_WARN_UNGUARDED_AVAILABILITY = YES_AGGRESSIVE;
				CLANG_WARN_UNREACHABLE_CODE = YES;
				CLANG_WARN__DUPLICATE_METHOD_MATCH = YES;
				COPY_PHASE_STRIP = NO;
				DEBUG_INFORMATION_FORMAT = "dwarf-with-dsym";
				ENABLE_NS_ASSERTIONS = NO;
				ENABLE_STRICT_OBJC_MSGSEND = YES;
				GCC_C_LANGUAGE_STANDARD = gnu11;
				GCC_NO_COMMON_BLOCKS = YES;
				GCC_WARN_64_TO_32_BIT_CONVERSION = YES;
				GCC_WARN_ABOUT_RETURN_TYPE = YES_ERROR;
				GCC_WARN_UNDECLARED_SELECTOR = YES;
				GCC_WARN_UNINITIALIZED_AUTOS = YES_AGGRESSIVE;
				GCC_WARN_UNUSED_FUNCTION = YES;
				GCC_WARN_UNUSED_VARIABLE = YES;
				IPHONEOS_DEPLOYMENT_TARGET = 14.4;
				MTL_ENABLE_DEBUG_INFO = NO;
				MTL_FAST_MATH = YES;
				SDKROOT = iphoneos;
				SWIFT_COMPILATION_MODE = wholemodule;
				SWIFT_OPTIMIZATION_LEVEL = "-O";
				VALIDATE_PRODUCT = YES;
			};
			name = Release;
		};
		D41741622636D0A700229C8D /* Debug */ = {
			isa = XCBuildConfiguration;
			buildSettings = {
				ASSETCATALOG_COMPILER_APPICON_NAME = AppIcon;
				ASSETCATALOG_COMPILER_GLOBAL_ACCENT_COLOR_NAME = AccentColor;
				CODE_SIGN_STYLE = Automatic;
				INFOPLIST_FILE = InstagramLogin/Info.plist;
				LD_RUNPATH_SEARCH_PATHS = (
					"$(inherited)",
					"@executable_path/Frameworks",
				);
				PRODUCT_BUNDLE_IDENTIFIER = "com.m-foundation.InstagramLogin";
				PRODUCT_NAME = "$(TARGET_NAME)";
				SWIFT_VERSION = 5.0;
				TARGETED_DEVICE_FAMILY = "1,2";
			};
			name = Debug;
		};
		D41741632636D0A700229C8D /* Release */ = {
			isa = XCBuildConfiguration;
			buildSettings = {
				ASSETCATALOG_COMPILER_APPICON_NAME = AppIcon;
				ASSETCATALOG_COMPILER_GLOBAL_ACCENT_COLOR_NAME = AccentColor;
				CODE_SIGN_STYLE = Automatic;
				INFOPLIST_FILE = InstagramLogin/Info.plist;
				LD_RUNPATH_SEARCH_PATHS = (
					"$(inherited)",
					"@executable_path/Frameworks",
				);
				PRODUCT_BUNDLE_IDENTIFIER = "com.m-foundation.InstagramLogin";
				PRODUCT_NAME = "$(TARGET_NAME)";
				SWIFT_VERSION = 5.0;
				TARGETED_DEVICE_FAMILY = "1,2";
			};
			name = Release;
		};
/* End XCBuildConfiguration section */

/* Begin XCConfigurationList section */
		D41741452636D0A400229C8D /* Build configuration list for PBXProject "InstagramLogin" */ = {
			isa = XCConfigurationList;
			buildConfigurations = (
				D417415F2636D0A700229C8D /* Debug */,
				D41741602636D0A700229C8D /* Release */,
			);
			defaultConfigurationIsVisible = 0;
			defaultConfigurationName = Release;
		};
		D41741612636D0A700229C8D /* Build configuration list for PBXNativeTarget "InstagramLogin" */ = {
			isa = XCConfigurationList;
			buildConfigurations = (
				D41741622636D0A700229C8D /* Debug */,
				D41741632636D0A700229C8D /* Release */,
			);
			defaultConfigurationIsVisible = 0;
			defaultConfigurationName = Release;
		};
/* End XCConfigurationList section */

/* Begin XCVersionGroup section */
		D41741562636D0A400229C8D /* InstagramLogin.xcdatamodeld */ = {
			isa = XCVersionGroup;
			children = (
				D41741572636D0A400229C8D /* InstagramLogin.xcdatamodel */,
			);
			currentVersion = D41741572636D0A400229C8D /* InstagramLogin.xcdatamodel */;
			path = InstagramLogin.xcdatamodeld;
			sourceTree = "<group>";
			versionGroupType = wrapper.xcdatamodel;
		};
/* End XCVersionGroup section */
	};
	rootObject = D41741422636D0A400229C8D /* Project object */;
}
